
Microsoft Visual Studio Solution File, Format Version 12.00
# Visual Studio Version 17
VisualStudioVersion = 17.9.34728.123
MinimumVisualStudioVersion = 10.0.40219.1
Project("{FAE04EC0-301F-11D3-BF4B-00C04F79EFBC}") = "Petfolio.API", "Petfolio.API\Petfolio.API.csproj", "{A834158A-B686-43A6-A07C-0B865AAA9C14}"
EndProject
Project("{FAE04EC0-301F-11D3-BF4B-00C04F79EFBC}") = "Petfolio.Application", "Petfolio.Application\Petfolio.Application.csproj", "{612E0235-D6AC-4785-9470-2E321031BFB8}"
EndProject
Project("{FAE04EC0-301F-11D3-BF4B-00C04F79EFBC}") = "Petfolio.Comunication", "Petfolio.Comunication\Petfolio.Comunication.csproj", "{B125951A-833C-40DD-B642-576E3C3F45F4}"
EndProject
Global
	GlobalSection(SolutionConfigurationPlatforms) = preSolution
		Debug|Any CPU = Debug|Any CPU
		Release|Any CPU = Release|Any CPU
	EndGlobalSection
	GlobalSection(ProjectConfigurationPlatforms) = postSolution
		{A834158A-B686-43A6-A07C-0B865AAA9C14}.Debug|Any CPU.ActiveCfg = Debug|Any CPU
		{A834158A-B686-43A6-A07C-0B865AAA9C14}.Debug|Any CPU.Build.0 = Debug|Any CPU
		{A834158A-B686-43A6-A07C-0B865AAA9C14}.Release|Any CPU.ActiveCfg = Release|Any CPU
		{A834158A-B686-43A6-A07C-0B865AAA9C14}.Release|Any CPU.Build.0 = Release|Any CPU
		{612E0235-D6AC-4785-9470-2E321031BFB8}.Debug|Any CPU.ActiveCfg = Debug|Any CPU
		{612E0235-D6AC-4785-9470-2E321031BFB8}.Debug|Any CPU.Build.0 = Debug|Any CPU
		{612E0235-D6AC-4785-9470-2E321031BFB8}.Release|Any CPU.ActiveCfg = Release|Any CPU
		{612E0235-D6AC-4785-9470-2E321031BFB8}.Release|Any CPU.Build.0 = Release|Any CPU
		{B125951A-833C-40DD-B642-576E3C3F45F4}.Debug|Any CPU.ActiveCfg = Debug|Any CPU
		{B125951A-833C-40DD-B642-576E3C3F45F4}.Debug|Any CPU.Build.0 = Debug|Any CPU
		{B125951A-833C-40DD-B642-576E3C3F45F4}.Release|Any CPU.ActiveCfg = Release|Any CPU
		{B125951A-833C-40DD-B642-576E3C3F45F4}.Release|Any CPU.Build.0 = Release|Any CPU
	EndGlobalSection
	GlobalSection(SolutionProperties) = preSolution
		HideSolutionNode = FALSE
	EndGlobalSection
	GlobalSection(ExtensibilityGlobals) = postSolution
		SolutionGuid = {E61DB5EB-A7CB-4E56-8E3A-731FBCC55E75}
	EndGlobalSection
EndGlobal
